
Microsoft Visual Studio Solution File, Format Version 12.00
# Visual Studio Version 17
VisualStudioVersion = 17.4.33122.133
MinimumVisualStudioVersion = 10.0.40219.1
Project("{FAE04EC0-301F-11D3-BF4B-00C04F79EFBC}") = "ApiCatalogue", "ApiCatalogue\ApiCatalogue.csproj", "{A84E35A3-DA11-478B-9361-539AC87550F8}"
EndProject
Global
	GlobalSection(SolutionConfigurationPlatforms) = preSolution
		Debug|Any CPU = Debug|Any CPU
		Release|Any CPU = Release|Any CPU
	EndGlobalSection
	GlobalSection(ProjectConfigurationPlatforms) = postSolution
		{A84E35A3-DA11-478B-9361-539AC87550F8}.Debug|Any CPU.ActiveCfg = Debug|Any CPU
		{A84E35A3-DA11-478B-9361-539AC87550F8}.Debug|Any CPU.Build.0 = Debug|Any CPU
		{A84E35A3-DA11-478B-9361-539AC87550F8}.Release|Any CPU.ActiveCfg = Release|Any CPU
		{A84E35A3-DA11-478B-9361-539AC87550F8}.Release|Any CPU.Build.0 = Release|Any CPU
	EndGlobalSection
	GlobalSection(SolutionProperties) = preSolution
		HideSolutionNode = FALSE
	EndGlobalSection
	GlobalSection(ExtensibilityGlobals) = postSolution
		SolutionGuid = {0B74C7EF-1252-4E47-9F46-51953BB6930D}
	EndGlobalSection
EndGlobal
